{
  "pins" : [
    {
      "identity" : "swiftuijoystick",
      "kind" : "remoteSourceControl",
      "location" : "https://github.com/rolinster/SwiftUIJoystick.git",
      "state" : {
        "branch" : "main",
        "revision" : "6c921350fa94d8b87e2ddba3d03004ade602abc1"
      }
    }
  ],
  "version" : 2
}
